
Microsoft Visual Studio Solution File, Format Version 12.00
# Visual Studio Version 17
VisualStudioVersion = 17.10.34916.146
MinimumVisualStudioVersion = 10.0.40219.1
Project("{FAE04EC0-301F-11D3-BF4B-00C04F79EFBC}") = "Синхронизация", "Синхронизация.csproj", "{131A2FF0-FA3D-4CB1-8F47-4F6409A2BEAA}"
EndProject
Global
	GlobalSection(SolutionConfigurationPlatforms) = preSolution
		Debug|Any CPU = Debug|Any CPU
		Release|Any CPU = Release|Any CPU
	EndGlobalSection
	GlobalSection(ProjectConfigurationPlatforms) = postSolution
		{131A2FF0-FA3D-4CB1-8F47-4F6409A2BEAA}.Debug|Any CPU.ActiveCfg = Debug|Any CPU
		{131A2FF0-FA3D-4CB1-8F47-4F6409A2BEAA}.Debug|Any CPU.Build.0 = Debug|Any CPU
		{131A2FF0-FA3D-4CB1-8F47-4F6409A2BEAA}.Release|Any CPU.ActiveCfg = Release|Any CPU
		{131A2FF0-FA3D-4CB1-8F47-4F6409A2BEAA}.Release|Any CPU.Build.0 = Release|Any CPU
	EndGlobalSection
	GlobalSection(SolutionProperties) = preSolution
		HideSolutionNode = FALSE
	EndGlobalSection
	GlobalSection(ExtensibilityGlobals) = postSolution
		SolutionGuid = {EDA686F2-3469-43E1-977F-908513682403}
	EndGlobalSection
EndGlobal
